// !$*UTF8*$!
{
	archiveVersion = 1;
	classes = {
	};
	objectVersion = 77;
	objects = {

/* Begin PBXBuildFile section */
		100E66DF2DCCC8110011B0F1 /* MessengerTab.framework in Frameworks */ = {isa = PBXBuildFile; fileRef = 100E66D92DCCC8110011B0F1 /* MessengerTab.framework */; };
		100E66E02DCCC8110011B0F1 /* MessengerTab.framework in Embed Frameworks */ = {isa = PBXBuildFile; fileRef = 100E66D92DCCC8110011B0F1 /* MessengerTab.framework */; settings = {ATTRIBUTES = (CodeSignOnCopy, RemoveHeadersOnCopy, ); }; };
		100E66F52DCCC8460011B0F1 /* LarkColor.framework in Frameworks */ = {isa = PBXBuildFile; fileRef = 100E66EF2DCCC8460011B0F1 /* LarkColor.framework */; };
		100E66F62DCCC8460011B0F1 /* LarkColor.framework in Embed Frameworks */ = {isa = PBXBuildFile; fileRef = 100E66EF2DCCC8460011B0F1 /* LarkColor.framework */; settings = {ATTRIBUTES = (CodeSignOnCopy, RemoveHeadersOnCopy, ); }; };
		100E670B2DCCC90D0011B0F1 /* LarkFoundation.framework in Frameworks */ = {isa = PBXBuildFile; fileRef = 100E67052DCCC90D0011B0F1 /* LarkFoundation.framework */; };
		100E670C2DCCC90D0011B0F1 /* LarkFoundation.framework in Embed Frameworks */ = {isa = PBXBuildFile; fileRef = 100E67052DCCC90D0011B0F1 /* LarkFoundation.framework */; settings = {ATTRIBUTES = (CodeSignOnCopy, RemoveHeadersOnCopy, ); }; };
		1044EEE42DCDAC5300CC1692 /* LarkSDK.framework in Frameworks */ = {isa = PBXBuildFile; fileRef = 1044EEDE2DCDAC5200CC1692 /* LarkSDK.framework */; };
		1044EEE52DCDAC5300CC1692 /* LarkSDK.framework in Embed Frameworks */ = {isa = PBXBuildFile; fileRef = 1044EEDE2DCDAC5200CC1692 /* LarkSDK.framework */; settings = {ATTRIBUTES = (CodeSignOnCopy, RemoveHeadersOnCopy, ); }; };
/* End PBXBuildFile section */

/* Begin PBXContainerItemProxy section */
		100E66DD2DCCC8110011B0F1 /* PBXContainerItemProxy */ = {
			isa = PBXContainerItemProxy;
			containerPortal = 100E63B62DCCC22C0011B0F1 /* Project object */;
			proxyType = 1;
			remoteGlobalIDString = 100E66D82DCCC8110011B0F1;
			remoteInfo = MessengerTab;
		};
		100E66F32DCCC8460011B0F1 /* PBXContainerItemProxy */ = {
			isa = PBXContainerItemProxy;
			containerPortal = 100E63B62DCCC22C0011B0F1 /* Project object */;
			proxyType = 1;
			remoteGlobalIDString = 100E66EE2DCCC8460011B0F1;
			remoteInfo = LarkColor;
		};
		100E67092DCCC90D0011B0F1 /* PBXContainerItemProxy */ = {
			isa = PBXContainerItemProxy;
			containerPortal = 100E63B62DCCC22C0011B0F1 /* Project object */;
			proxyType = 1;
			remoteGlobalIDString = 100E67042DCCC90D0011B0F1;
			remoteInfo = LarkFoundation;
		};
		1044EEE22DCDAC5300CC1692 /* PBXContainerItemProxy */ = {
			isa = PBXContainerItemProxy;
			containerPortal = 100E63B62DCCC22C0011B0F1 /* Project object */;
			proxyType = 1;
			remoteGlobalIDString = 1044EEDD2DCDAC5200CC1692;
			remoteInfo = LarkSDK;
		};
/* End PBXContainerItemProxy section */

/* Begin PBXCopyFilesBuildPhase section */
		100E66E42DCCC8110011B0F1 /* Embed Frameworks */ = {
			isa = PBXCopyFilesBuildPhase;
			buildActionMask = 2147483647;
			dstPath = "";
			dstSubfolderSpec = 10;
			files = (
				100E66F62DCCC8460011B0F1 /* LarkColor.framework in Embed Frameworks */,
				1044EEE52DCDAC5300CC1692 /* LarkSDK.framework in Embed Frameworks */,
				100E66E02DCCC8110011B0F1 /* MessengerTab.framework in Embed Frameworks */,
				100E670C2DCCC90D0011B0F1 /* LarkFoundation.framework in Embed Frameworks */,
			);
			name = "Embed Frameworks";
			runOnlyForDeploymentPostprocessing = 0;
		};
/* End PBXCopyFilesBuildPhase section */

/* Begin PBXFileReference section */
		100E63BE2DCCC22C0011B0F1 /* LarkClone.app */ = {isa = PBXFileReference; explicitFileType = wrapper.application; includeInIndex = 0; path = LarkClone.app; sourceTree = BUILT_PRODUCTS_DIR; };
		100E63E62DCCC7590011B0F1 /* README.md */ = {isa = PBXFileReference; lastKnownFileType = net.daringfireball.markdown; path = README.md; sourceTree = "<group>"; };
		100E66D92DCCC8110011B0F1 /* MessengerTab.framework */ = {isa = PBXFileReference; explicitFileType = wrapper.framework; includeInIndex = 0; path = MessengerTab.framework; sourceTree = BUILT_PRODUCTS_DIR; };
		100E66EF2DCCC8460011B0F1 /* LarkColor.framework */ = {isa = PBXFileReference; explicitFileType = wrapper.framework; includeInIndex = 0; path = LarkColor.framework; sourceTree = BUILT_PRODUCTS_DIR; };
		100E67052DCCC90D0011B0F1 /* LarkFoundation.framework */ = {isa = PBXFileReference; explicitFileType = wrapper.framework; includeInIndex = 0; path = LarkFoundation.framework; sourceTree = BUILT_PRODUCTS_DIR; };
		100E67892DCD04350011B0F1 /* .gitignore */ = {isa = PBXFileReference; lastKnownFileType = text; path = .gitignore; sourceTree = "<group>"; };
		1044EEDE2DCDAC5200CC1692 /* LarkSDK.framework */ = {isa = PBXFileReference; explicitFileType = wrapper.framework; includeInIndex = 0; path = LarkSDK.framework; sourceTree = BUILT_PRODUCTS_DIR; };
/* End PBXFileReference section */

/* Begin PBXFileSystemSynchronizedBuildFileExceptionSet section */
		100E63D02DCCC22D0011B0F1 /* Exceptions for "LarkClone" folder in "LarkClone" target */ = {
			isa = PBXFileSystemSynchronizedBuildFileExceptionSet;
			membershipExceptions = (
				Frameworks/Core/LarkFoundation/LarkFoundation.swift,
				Info.plist,
			);
			target = 100E63BD2DCCC22C0011B0F1 /* LarkClone */;
		};
		100E67142DCCC9400011B0F1 /* Exceptions for "LarkClone" folder in "LarkFoundation" target */ = {
			isa = PBXFileSystemSynchronizedBuildFileExceptionSet;
			membershipExceptions = (
				Frameworks/Core/LarkFoundation/LarkFoundation.swift,
			);
			target = 100E67042DCCC90D0011B0F1 /* LarkFoundation */;
		};
/* End PBXFileSystemSynchronizedBuildFileExceptionSet section */

/* Begin PBXFileSystemSynchronizedRootGroup section */
		100E63C02DCCC22C0011B0F1 /* LarkClone */ = {
			isa = PBXFileSystemSynchronizedRootGroup;
			exceptions = (
				100E63D02DCCC22D0011B0F1 /* Exceptions for "LarkClone" folder in "LarkClone" target */,
				100E67142DCCC9400011B0F1 /* Exceptions for "LarkClone" folder in "LarkFoundation" target */,
			);
			path = LarkClone;
			sourceTree = "<group>";
		};
		100E66D32DCCC7590011B0F1 /* RustSDK */ = {
			isa = PBXFileSystemSynchronizedRootGroup;
			path = RustSDK;
			sourceTree = "<group>";
		};
/* End PBXFileSystemSynchronizedRootGroup section */

/* Begin PBXFrameworksBuildPhase section */
		100E63BB2DCCC22C0011B0F1 /* Frameworks */ = {
			isa = PBXFrameworksBuildPhase;
			buildActionMask = 2147483647;
			files = (
				100E66F52DCCC8460011B0F1 /* LarkColor.framework in Frameworks */,
				1044EEE42DCDAC5300CC1692 /* LarkSDK.framework in Frameworks */,
				100E66DF2DCCC8110011B0F1 /* MessengerTab.framework in Frameworks */,
				100E670B2DCCC90D0011B0F1 /* LarkFoundation.framework in Frameworks */,
			);
			runOnlyForDeploymentPostprocessing = 0;
		};
		100E66D62DCCC8110011B0F1 /* Frameworks */ = {
			isa = PBXFrameworksBuildPhase;
			buildActionMask = 2147483647;
			files = (
			);
			runOnlyForDeploymentPostprocessing = 0;
		};
		100E66EC2DCCC8460011B0F1 /* Frameworks */ = {
			isa = PBXFrameworksBuildPhase;
			buildActionMask = 2147483647;
			files = (
			);
			runOnlyForDeploymentPostprocessing = 0;
		};
		100E67022DCCC90D0011B0F1 /* Frameworks */ = {
			isa = PBXFrameworksBuildPhase;
			buildActionMask = 2147483647;
			files = (
			);
			runOnlyForDeploymentPostprocessing = 0;
		};
		1044EEDB2DCDAC5200CC1692 /* Frameworks */ = {
			isa = PBXFrameworksBuildPhase;
			buildActionMask = 2147483647;
			files = (
			);
			runOnlyForDeploymentPostprocessing = 0;
		};
/* End PBXFrameworksBuildPhase section */

/* Begin PBXGroup section */
		100E63B52DCCC22C0011B0F1 = {
			isa = PBXGroup;
			children = (
				100E63E62DCCC7590011B0F1 /* README.md */,
				100E66D32DCCC7590011B0F1 /* RustSDK */,
				100E63C02DCCC22C0011B0F1 /* LarkClone */,
				100E63BF2DCCC22C0011B0F1 /* Products */,
				100E67892DCD04350011B0F1 /* .gitignore */,
				1044F03E2DCDCCD000CC1692 /* Frameworks */,
			);
			sourceTree = "<group>";
		};
		100E63BF2DCCC22C0011B0F1 /* Products */ = {
			isa = PBXGroup;
			children = (
				100E63BE2DCCC22C0011B0F1 /* LarkClone.app */,
				100E66D92DCCC8110011B0F1 /* MessengerTab.framework */,
				100E66EF2DCCC8460011B0F1 /* LarkColor.framework */,
				100E67052DCCC90D0011B0F1 /* LarkFoundation.framework */,
				1044EEDE2DCDAC5200CC1692 /* LarkSDK.framework */,
			);
			name = Products;
			sourceTree = "<group>";
		};
		1044F03E2DCDCCD000CC1692 /* Frameworks */ = {
			isa = PBXGroup;
			children = (
			);
			name = Frameworks;
			sourceTree = "<group>";
		};
/* End PBXGroup section */

/* Begin PBXHeadersBuildPhase section */
		100E66D42DCCC8110011B0F1 /* Headers */ = {
			isa = PBXHeadersBuildPhase;
			buildActionMask = 2147483647;
			files = (
			);
			runOnlyForDeploymentPostprocessing = 0;
		};
		100E66EA2DCCC8460011B0F1 /* Headers */ = {
			isa = PBXHeadersBuildPhase;
			buildActionMask = 2147483647;
			files = (
			);
			runOnlyForDeploymentPostprocessing = 0;
		};
		100E67002DCCC90D0011B0F1 /* Headers */ = {
			isa = PBXHeadersBuildPhase;
			buildActionMask = 2147483647;
			files = (
			);
			runOnlyForDeploymentPostprocessing = 0;
		};
		1044EED92DCDAC5200CC1692 /* Headers */ = {
			isa = PBXHeadersBuildPhase;
			buildActionMask = 2147483647;
			files = (
			);
			runOnlyForDeploymentPostprocessing = 0;
		};
/* End PBXHeadersBuildPhase section */

/* Begin PBXNativeTarget section */
		100E63BD2DCCC22C0011B0F1 /* LarkClone */ = {
			isa = PBXNativeTarget;
			buildConfigurationList = 100E63D12DCCC22D0011B0F1 /* Build configuration list for PBXNativeTarget "LarkClone" */;
			buildPhases = (
				100E63BA2DCCC22C0011B0F1 /* Sources */,
				100E63BB2DCCC22C0011B0F1 /* Frameworks */,
				100E63BC2DCCC22C0011B0F1 /* Resources */,
				100E66E42DCCC8110011B0F1 /* Embed Frameworks */,
			);
			buildRules = (
			);
			dependencies = (
				100E66DE2DCCC8110011B0F1 /* PBXTargetDependency */,
				100E66F42DCCC8460011B0F1 /* PBXTargetDependency */,
				100E670A2DCCC90D0011B0F1 /* PBXTargetDependency */,
				1044EEE32DCDAC5300CC1692 /* PBXTargetDependency */,
			);
			fileSystemSynchronizedGroups = (
				100E63C02DCCC22C0011B0F1 /* LarkClone */,
			);
			name = LarkClone;
			packageProductDependencies = (
			);
			productName = LarkClone;
			productReference = 100E63BE2DCCC22C0011B0F1 /* LarkClone.app */;
			productType = "com.apple.product-type.application";
		};
		100E66D82DCCC8110011B0F1 /* MessengerTab */ = {
			isa = PBXNativeTarget;
			buildConfigurationList = 100E66E12DCCC8110011B0F1 /* Build configuration list for PBXNativeTarget "MessengerTab" */;
			buildPhases = (
				100E66D42DCCC8110011B0F1 /* Headers */,
				100E66D52DCCC8110011B0F1 /* Sources */,
				100E66D62DCCC8110011B0F1 /* Frameworks */,
				100E66D72DCCC8110011B0F1 /* Resources */,
			);
			buildRules = (
			);
			dependencies = (
			);
			name = MessengerTab;
			packageProductDependencies = (
			);
			productName = MessengerTab;
			productReference = 100E66D92DCCC8110011B0F1 /* MessengerTab.framework */;
			productType = "com.apple.product-type.framework";
		};
		100E66EE2DCCC8460011B0F1 /* LarkColor */ = {
			isa = PBXNativeTarget;
			buildConfigurationList = 100E66F72DCCC8460011B0F1 /* Build configuration list for PBXNativeTarget "LarkColor" */;
			buildPhases = (
				100E66EA2DCCC8460011B0F1 /* Headers */,
				100E66EB2DCCC8460011B0F1 /* Sources */,
				100E66EC2DCCC8460011B0F1 /* Frameworks */,
				100E66ED2DCCC8460011B0F1 /* Resources */,
			);
			buildRules = (
			);
			dependencies = (
			);
			name = LarkColor;
			packageProductDependencies = (
			);
			productName = LarkColor;
			productReference = 100E66EF2DCCC8460011B0F1 /* LarkColor.framework */;
			productType = "com.apple.product-type.framework";
		};
		100E67042DCCC90D0011B0F1 /* LarkFoundation */ = {
			isa = PBXNativeTarget;
			buildConfigurationList = 100E670D2DCCC90D0011B0F1 /* Build configuration list for PBXNativeTarget "LarkFoundation" */;
			buildPhases = (
				100E67002DCCC90D0011B0F1 /* Headers */,
				100E67012DCCC90D0011B0F1 /* Sources */,
				100E67022DCCC90D0011B0F1 /* Frameworks */,
				100E67032DCCC90D0011B0F1 /* Resources */,
			);
			buildRules = (
			);
			dependencies = (
			);
			name = LarkFoundation;
			packageProductDependencies = (
			);
			productName = LarkFoundation;
			productReference = 100E67052DCCC90D0011B0F1 /* LarkFoundation.framework */;
			productType = "com.apple.product-type.framework";
		};
		1044EEDD2DCDAC5200CC1692 /* LarkSDK */ = {
			isa = PBXNativeTarget;
			buildConfigurationList = 1044EEE62DCDAC5300CC1692 /* Build configuration list for PBXNativeTarget "LarkSDK" */;
			buildPhases = (
				1044EED92DCDAC5200CC1692 /* Headers */,
				1044EEDA2DCDAC5200CC1692 /* Sources */,
				1044EEDB2DCDAC5200CC1692 /* Frameworks */,
				1044EEDC2DCDAC5200CC1692 /* Resources */,
				1044EEEE2DCDACB500CC1692 /* ShellScript */,
			);
			buildRules = (
			);
			dependencies = (
			);
			name = LarkSDK;
			packageProductDependencies = (
			);
			productName = LarkSDK;
			productReference = 1044EEDE2DCDAC5200CC1692 /* LarkSDK.framework */;
			productType = "com.apple.product-type.framework";
		};
/* End PBXNativeTarget section */

/* Begin PBXProject section */
		100E63B62DCCC22C0011B0F1 /* Project object */ = {
			isa = PBXProject;
			attributes = {
				BuildIndependentTargetsInParallel = 1;
				LastSwiftUpdateCheck = 1630;
				LastUpgradeCheck = 1630;
				TargetAttributes = {
					100E63BD2DCCC22C0011B0F1 = {
						CreatedOnToolsVersion = 16.3;
					};
					100E66D82DCCC8110011B0F1 = {
						CreatedOnToolsVersion = 16.3;
					};
					100E66EE2DCCC8460011B0F1 = {
						CreatedOnToolsVersion = 16.3;
					};
					100E67042DCCC90D0011B0F1 = {
						CreatedOnToolsVersion = 16.3;
					};
					1044EEDD2DCDAC5200CC1692 = {
						CreatedOnToolsVersion = 16.3;
					};
				};
			};
			buildConfigurationList = 100E63B92DCCC22C0011B0F1 /* Build configuration list for PBXProject "LarkClone" */;
			developmentRegion = en;
			hasScannedForEncodings = 0;
			knownRegions = (
				en,
				Base,
				"zh-Hans",
			);
			mainGroup = 100E63B52DCCC22C0011B0F1;
			minimizedProjectReferenceProxies = 1;
			preferredProjectObjectVersion = 77;
			productRefGroup = 100E63BF2DCCC22C0011B0F1 /* Products */;
			projectDirPath = "";
			projectRoot = "";
			targets = (
				100E63BD2DCCC22C0011B0F1 /* LarkClone */,
				100E66D82DCCC8110011B0F1 /* MessengerTab */,
				100E66EE2DCCC8460011B0F1 /* LarkColor */,
				100E67042DCCC90D0011B0F1 /* LarkFoundation */,
				1044EEDD2DCDAC5200CC1692 /* LarkSDK */,
			);
		};
/* End PBXProject section */

/* Begin PBXResourcesBuildPhase section */
		100E63BC2DCCC22C0011B0F1 /* Resources */ = {
			isa = PBXResourcesBuildPhase;
			buildActionMask = 2147483647;
			files = (
			);
			runOnlyForDeploymentPostprocessing = 0;
		};
		100E66D72DCCC8110011B0F1 /* Resources */ = {
			isa = PBXResourcesBuildPhase;
			buildActionMask = 2147483647;
			files = (
			);
			runOnlyForDeploymentPostprocessing = 0;
		};
		100E66ED2DCCC8460011B0F1 /* Resources */ = {
			isa = PBXResourcesBuildPhase;
			buildActionMask = 2147483647;
			files = (
			);
			runOnlyForDeploymentPostprocessing = 0;
		};
		100E67032DCCC90D0011B0F1 /* Resources */ = {
			isa = PBXResourcesBuildPhase;
			buildActionMask = 2147483647;
			files = (
			);
			runOnlyForDeploymentPostprocessing = 0;
		};
		1044EEDC2DCDAC5200CC1692 /* Resources */ = {
			isa = PBXResourcesBuildPhase;
			buildActionMask = 2147483647;
			files = (
			);
			runOnlyForDeploymentPostprocessing = 0;
		};
/* End PBXResourcesBuildPhase section */

/* Begin PBXShellScriptBuildPhase section */
		1044EEEE2DCDACB500CC1692 /* ShellScript */ = {
			isa = PBXShellScriptBuildPhase;
			buildActionMask = 2147483647;
			files = (
			);
			inputFileListPaths = (
			);
			inputPaths = (
				"$(SRCROOT)/RustSDK/src/**/*.rs",
				"${SRCROOT}/RustSDK/Cargo.toml",
				"${SRCROOT}/RustSDK/cbindgen.toml",
			);
			outputFileListPaths = (
			);
			outputPaths = (
				"${SRCROOT}/libs/librust_sdk.a",
				"${SRCROOT}/RustSDK/include/rust_sdk.h",
			);
			runOnlyForDeploymentPostprocessing = 0;
			shellPath = /bin/bash;
			shellScript = "#!/bin/bash\n\nexport PATH=\"$HOME/.cargo/bin:$PATH\"\n\n# 检查 cargo 是否安装\nif ! command -v cargo >/dev/null 2>&1; then\n    echo \"错误: 未检测到 Rust 工具链 (cargo)。请先安装 Rust：\"\n    echo \"步骤 1: 打开终端，运行以下命令：\"\n    echo \"curl --proto '=https' --tlsv1.2 -sSf https://sh.rustup.rs | sh\"\n    echo \"步骤 2: 安装完成后，重新启动 Xcode。\"\n    exit 1\nfi\n\n# 检查 cbindgen 是否安装\nif ! command -v cbindgen >/dev/null 2>&1; then\n    echo \"错误: 未检测到 cbindgen。请运行以下命令安装：\"\n    echo \"cargo install cbindgen\"\n    exit 1\nfi\n\n# 编译操作\n## 切换到 Rust 项目的根目录（$SRCROOT指向项目的根目录）\ncd \"${SRCROOT}/RustSDK\"\n## 编译 Rust 代码，生成针对 iOS 真机（ARM64）的静态库。\ncargo build --release --target aarch64-apple-ios-sim\n\n# 链接操作\n## 将编译生成的 Rust 静态库（.a 文件）复制（cp）到项目的 libs/ 目录\ncp \"${SRCROOT}/RustSDK/target/aarch64-apple-ios-sim/release/librust_sdk.a\" \"${SRCROOT}/libs/\"\n## 生成 C 头文件（.h），供 Swift 通过 FFI 调用 Rust 函数\ncbindgen --config cbindgen.toml --output \"${SRCROOT}/RustSDK/include/rust_sdk.h\"\n";
		};
/* End PBXShellScriptBuildPhase section */

/* Begin PBXSourcesBuildPhase section */
		100E63BA2DCCC22C0011B0F1 /* Sources */ = {
			isa = PBXSourcesBuildPhase;
			buildActionMask = 2147483647;
			files = (
			);
			runOnlyForDeploymentPostprocessing = 0;
		};
		100E66D52DCCC8110011B0F1 /* Sources */ = {
			isa = PBXSourcesBuildPhase;
			buildActionMask = 2147483647;
			files = (
			);
			runOnlyForDeploymentPostprocessing = 0;
		};
		100E66EB2DCCC8460011B0F1 /* Sources */ = {
			isa = PBXSourcesBuildPhase;
			buildActionMask = 2147483647;
			files = (
			);
			runOnlyForDeploymentPostprocessing = 0;
		};
		100E67012DCCC90D0011B0F1 /* Sources */ = {
			isa = PBXSourcesBuildPhase;
			buildActionMask = 2147483647;
			files = (
			);
			runOnlyForDeploymentPostprocessing = 0;
		};
		1044EEDA2DCDAC5200CC1692 /* Sources */ = {
			isa = PBXSourcesBuildPhase;
			buildActionMask = 2147483647;
			files = (
			);
			runOnlyForDeploymentPostprocessing = 0;
		};
/* End PBXSourcesBuildPhase section */

/* Begin PBXTargetDependency section */
		100E66DE2DCCC8110011B0F1 /* PBXTargetDependency */ = {
			isa = PBXTargetDependency;
			target = 100E66D82DCCC8110011B0F1 /* MessengerTab */;
			targetProxy = 100E66DD2DCCC8110011B0F1 /* PBXContainerItemProxy */;
		};
		100E66F42DCCC8460011B0F1 /* PBXTargetDependency */ = {
			isa = PBXTargetDependency;
			target = 100E66EE2DCCC8460011B0F1 /* LarkColor */;
			targetProxy = 100E66F32DCCC8460011B0F1 /* PBXContainerItemProxy */;
		};
		100E670A2DCCC90D0011B0F1 /* PBXTargetDependency */ = {
			isa = PBXTargetDependency;
			target = 100E67042DCCC90D0011B0F1 /* LarkFoundation */;
			targetProxy = 100E67092DCCC90D0011B0F1 /* PBXContainerItemProxy */;
		};
		1044EEE32DCDAC5300CC1692 /* PBXTargetDependency */ = {
			isa = PBXTargetDependency;
			target = 1044EEDD2DCDAC5200CC1692 /* LarkSDK */;
			targetProxy = 1044EEE22DCDAC5300CC1692 /* PBXContainerItemProxy */;
		};
/* End PBXTargetDependency section */

/* Begin XCBuildConfiguration section */
		100E63D22DCCC22D0011B0F1 /* Debug */ = {
			isa = XCBuildConfiguration;
			buildSettings = {
				ASSETCATALOG_COMPILER_APPICON_NAME = AppIcon;
				ASSETCATALOG_COMPILER_GLOBAL_ACCENT_COLOR_NAME = AccentColor;
				CODE_SIGN_STYLE = Automatic;
				CURRENT_PROJECT_VERSION = 1;
				ENABLE_USER_SCRIPT_SANDBOXING = YES;
				GENERATE_INFOPLIST_FILE = YES;
				INFOPLIST_FILE = LarkClone/Info.plist;
				INFOPLIST_KEY_UIApplicationSupportsIndirectInputEvents = YES;
				INFOPLIST_KEY_UILaunchStoryboardName = LaunchScreen;
				INFOPLIST_KEY_UISupportedInterfaceOrientations_iPad = "UIInterfaceOrientationPortrait UIInterfaceOrientationPortraitUpsideDown UIInterfaceOrientationLandscapeLeft UIInterfaceOrientationLandscapeRight";
				INFOPLIST_KEY_UISupportedInterfaceOrientations_iPhone = "UIInterfaceOrientationPortrait UIInterfaceOrientationLandscapeLeft UIInterfaceOrientationLandscapeRight";
				LD_RUNPATH_SEARCH_PATHS = (
					"$(inherited)",
					"@executable_path/Frameworks",
				);
				MARKETING_VERSION = 1.0;
				PRODUCT_BUNDLE_IDENTIFIER = teamNH.LarkClone;
				PRODUCT_NAME = "$(TARGET_NAME)";
				SWIFT_EMIT_LOC_STRINGS = YES;
				SWIFT_VERSION = 5.0;
				TARGETED_DEVICE_FAMILY = "1,2";
			};
			name = Debug;
		};
		100E63D32DCCC22D0011B0F1 /* Release */ = {
			isa = XCBuildConfiguration;
			buildSettings = {
				ASSETCATALOG_COMPILER_APPICON_NAME = AppIcon;
				ASSETCATALOG_COMPILER_GLOBAL_ACCENT_COLOR_NAME = AccentColor;
				CODE_SIGN_STYLE = Automatic;
				CURRENT_PROJECT_VERSION = 1;
				ENABLE_USER_SCRIPT_SANDBOXING = YES;
				GENERATE_INFOPLIST_FILE = YES;
				INFOPLIST_FILE = LarkClone/Info.plist;
				INFOPLIST_KEY_UIApplicationSupportsIndirectInputEvents = YES;
				INFOPLIST_KEY_UILaunchStoryboardName = LaunchScreen;
				INFOPLIST_KEY_UISupportedInterfaceOrientations_iPad = "UIInterfaceOrientationPortrait UIInterfaceOrientationPortraitUpsideDown UIInterfaceOrientationLandscapeLeft UIInterfaceOrientationLandscapeRight";
				INFOPLIST_KEY_UISupportedInterfaceOrientations_iPhone = "UIInterfaceOrientationPortrait UIInterfaceOrientationLandscapeLeft UIInterfaceOrientationLandscapeRight";
				LD_RUNPATH_SEARCH_PATHS = (
					"$(inherited)",
					"@executable_path/Frameworks",
				);
				MARKETING_VERSION = 1.0;
				PRODUCT_BUNDLE_IDENTIFIER = teamNH.LarkClone;
				PRODUCT_NAME = "$(TARGET_NAME)";
				SWIFT_EMIT_LOC_STRINGS = YES;
				SWIFT_VERSION = 5.0;
				TARGETED_DEVICE_FAMILY = "1,2";
			};
			name = Release;
		};
		100E63D42DCCC22D0011B0F1 /* Debug */ = {
			isa = XCBuildConfiguration;
			buildSettings = {
				ALWAYS_SEARCH_USER_PATHS = NO;
				ASSETCATALOG_COMPILER_GENERATE_SWIFT_ASSET_SYMBOL_EXTENSIONS = YES;
				CLANG_ANALYZER_LOCALIZABILITY_NONLOCALIZED = YES;
				CLANG_ANALYZER_NONNULL = YES;
				CLANG_ANALYZER_NUMBER_OBJECT_CONVERSION = YES_AGGRESSIVE;
				CLANG_CXX_LANGUAGE_STANDARD = "gnu++20";
				CLANG_ENABLE_MODULES = YES;
				CLANG_ENABLE_OBJC_ARC = YES;
				CLANG_ENABLE_OBJC_WEAK = YES;
				CLANG_WARN_BLOCK_CAPTURE_AUTORELEASING = YES;
				CLANG_WARN_BOOL_CONVERSION = YES;
				CLANG_WARN_COMMA = YES;
				CLANG_WARN_CONSTANT_CONVERSION = YES;
				CLANG_WARN_DEPRECATED_OBJC_IMPLEMENTATIONS = YES;
				CLANG_WARN_DIRECT_OBJC_ISA_USAGE = YES_ERROR;
				CLANG_WARN_DOCUMENTATION_COMMENTS = YES;
				CLANG_WARN_EMPTY_BODY = YES;
				CLANG_WARN_ENUM_CONVERSION = YES;
				CLANG_WARN_INFINITE_RECURSION = YES;
				CLANG_WARN_INT_CONVERSION = YES;
				CLANG_WARN_NON_LITERAL_NULL_CONVERSION = YES;
				CLANG_WARN_OBJC_IMPLICIT_RETAIN_SELF = YES;
				CLANG_WARN_OBJC_LITERAL_CONVERSION = YES;
				CLANG_WARN_OBJC_ROOT_CLASS = YES_ERROR;
				CLANG_WARN_QUOTED_INCLUDE_IN_FRAMEWORK_HEADER = YES;
				CLANG_WARN_RANGE_LOOP_ANALYSIS = YES;
				CLANG_WARN_STRICT_PROTOTYPES = YES;
				CLANG_WARN_SUSPICIOUS_MOVE = YES;
				CLANG_WARN_UNGUARDED_AVAILABILITY = YES_AGGRESSIVE;
				CLANG_WARN_UNREACHABLE_CODE = YES;
				CLANG_WARN__DUPLICATE_METHOD_MATCH = YES;
				COPY_PHASE_STRIP = NO;
				DEBUG_INFORMATION_FORMAT = dwarf;
				ENABLE_STRICT_OBJC_MSGSEND = YES;
				ENABLE_TESTABILITY = YES;
				ENABLE_USER_SCRIPT_SANDBOXING = NO;
				GCC_C_LANGUAGE_STANDARD = gnu17;
				GCC_DYNAMIC_NO_PIC = NO;
				GCC_NO_COMMON_BLOCKS = YES;
				GCC_OPTIMIZATION_LEVEL = 0;
				GCC_PREPROCESSOR_DEFINITIONS = (
					"DEBUG=1",
					"$(inherited)",
				);
				GCC_WARN_64_TO_32_BIT_CONVERSION = YES;
				GCC_WARN_ABOUT_RETURN_TYPE = YES_ERROR;
				GCC_WARN_UNDECLARED_SELECTOR = YES;
				GCC_WARN_UNINITIALIZED_AUTOS = YES_AGGRESSIVE;
				GCC_WARN_UNUSED_FUNCTION = YES;
				GCC_WARN_UNUSED_VARIABLE = YES;
				IPHONEOS_DEPLOYMENT_TARGET = 18.4;
				LOCALIZATION_PREFERS_STRING_CATALOGS = YES;
				MTL_ENABLE_DEBUG_INFO = INCLUDE_SOURCE;
				MTL_FAST_MATH = YES;
				ONLY_ACTIVE_ARCH = YES;
				SDKROOT = iphoneos;
				SWIFT_ACTIVE_COMPILATION_CONDITIONS = "DEBUG $(inherited)";
				SWIFT_OPTIMIZATION_LEVEL = "-Onone";
			};
			name = Debug;
		};
		100E63D52DCCC22D0011B0F1 /* Release */ = {
			isa = XCBuildConfiguration;
			buildSettings = {
				ALWAYS_SEARCH_USER_PATHS = NO;
				ASSETCATALOG_COMPILER_GENERATE_SWIFT_ASSET_SYMBOL_EXTENSIONS = YES;
				CLANG_ANALYZER_LOCALIZABILITY_NONLOCALIZED = YES;
				CLANG_ANALYZER_NONNULL = YES;
				CLANG_ANALYZER_NUMBER_OBJECT_CONVERSION = YES_AGGRESSIVE;
				CLANG_CXX_LANGUAGE_STANDARD = "gnu++20";
				CLANG_ENABLE_MODULES = YES;
				CLANG_ENABLE_OBJC_ARC = YES;
				CLANG_ENABLE_OBJC_WEAK = YES;
				CLANG_WARN_BLOCK_CAPTURE_AUTORELEASING = YES;
				CLANG_WARN_BOOL_CONVERSION = YES;
				CLANG_WARN_COMMA = YES;
				CLANG_WARN_CONSTANT_CONVERSION = YES;
				CLANG_WARN_DEPRECATED_OBJC_IMPLEMENTATIONS = YES;
				CLANG_WARN_DIRECT_OBJC_ISA_USAGE = YES_ERROR;
				CLANG_WARN_DOCUMENTATION_COMMENTS = YES;
				CLANG_WARN_EMPTY_BODY = YES;
				CLANG_WARN_ENUM_CONVERSION = YES;
				CLANG_WARN_INFINITE_RECURSION = YES;
				CLANG_WARN_INT_CONVERSION = YES;
				CLANG_WARN_NON_LITERAL_NULL_CONVERSION = YES;
				CLANG_WARN_OBJC_IMPLICIT_RETAIN_SELF = YES;
				CLANG_WARN_OBJC_LITERAL_CONVERSION = YES;
				CLANG_WARN_OBJC_ROOT_CLASS = YES_ERROR;
				CLANG_WARN_QUOTED_INCLUDE_IN_FRAMEWORK_HEADER = YES;
				CLANG_WARN_RANGE_LOOP_ANALYSIS = YES;
				CLANG_WARN_STRICT_PROTOTYPES = YES;
				CLANG_WARN_SUSPICIOUS_MOVE = YES;
				CLANG_WARN_UNGUARDED_AVAILABILITY = YES_AGGRESSIVE;
				CLANG_WARN_UNREACHABLE_CODE = YES;
				CLANG_WARN__DUPLICATE_METHOD_MATCH = YES;
				COPY_PHASE_STRIP = NO;
				DEBUG_INFORMATION_FORMAT = "dwarf-with-dsym";
				ENABLE_NS_ASSERTIONS = NO;
				ENABLE_STRICT_OBJC_MSGSEND = YES;
				ENABLE_USER_SCRIPT_SANDBOXING = NO;
				GCC_C_LANGUAGE_STANDARD = gnu17;
				GCC_NO_COMMON_BLOCKS = YES;
				GCC_WARN_64_TO_32_BIT_CONVERSION = YES;
				GCC_WARN_ABOUT_RETURN_TYPE = YES_ERROR;
				GCC_WARN_UNDECLARED_SELECTOR = YES;
				GCC_WARN_UNINITIALIZED_AUTOS = YES_AGGRESSIVE;
				GCC_WARN_UNUSED_FUNCTION = YES;
				GCC_WARN_UNUSED_VARIABLE = YES;
				IPHONEOS_DEPLOYMENT_TARGET = 18.4;
				LOCALIZATION_PREFERS_STRING_CATALOGS = YES;
				MTL_ENABLE_DEBUG_INFO = NO;
				MTL_FAST_MATH = YES;
				SDKROOT = iphoneos;
				SWIFT_COMPILATION_MODE = wholemodule;
				VALIDATE_PRODUCT = YES;
			};
			name = Release;
		};
		100E66E22DCCC8110011B0F1 /* Debug */ = {
			isa = XCBuildConfiguration;
			buildSettings = {
				BUILD_LIBRARY_FOR_DISTRIBUTION = YES;
				CODE_SIGN_STYLE = Automatic;
				CURRENT_PROJECT_VERSION = 1;
				DYLIB_COMPATIBILITY_VERSION = 1;
				DYLIB_CURRENT_VERSION = 1;
				DYLIB_INSTALL_NAME_BASE = "@rpath";
				ENABLE_MODULE_VERIFIER = YES;
				GENERATE_INFOPLIST_FILE = YES;
				INFOPLIST_KEY_NSHumanReadableCopyright = "";
				INSTALL_PATH = "$(LOCAL_LIBRARY_DIR)/Frameworks";
				LD_RUNPATH_SEARCH_PATHS = (
					"$(inherited)",
					"@executable_path/Frameworks",
					"@loader_path/Frameworks",
				);
				MARKETING_VERSION = 1.0;
				MODULE_VERIFIER_SUPPORTED_LANGUAGES = "objective-c objective-c++";
				MODULE_VERIFIER_SUPPORTED_LANGUAGE_STANDARDS = "gnu17 gnu++20";
				PRODUCT_BUNDLE_IDENTIFIER = teamNH.MessengerTab;
				PRODUCT_NAME = "$(TARGET_NAME:c99extidentifier)";
				SKIP_INSTALL = YES;
				SWIFT_EMIT_LOC_STRINGS = YES;
				SWIFT_INSTALL_MODULE = YES;
				SWIFT_INSTALL_OBJC_HEADER = NO;
				SWIFT_VERSION = 5.0;
				TARGETED_DEVICE_FAMILY = "1,2";
				VERSIONING_SYSTEM = "apple-generic";
				VERSION_INFO_PREFIX = "";
			};
			name = Debug;
		};
		100E66E32DCCC8110011B0F1 /* Release */ = {
			isa = XCBuildConfiguration;
			buildSettings = {
				BUILD_LIBRARY_FOR_DISTRIBUTION = YES;
				CODE_SIGN_STYLE = Automatic;
				CURRENT_PROJECT_VERSION = 1;
				DYLIB_COMPATIBILITY_VERSION = 1;
				DYLIB_CURRENT_VERSION = 1;
				DYLIB_INSTALL_NAME_BASE = "@rpath";
				ENABLE_MODULE_VERIFIER = YES;
				GENERATE_INFOPLIST_FILE = YES;
				INFOPLIST_KEY_NSHumanReadableCopyright = "";
				INSTALL_PATH = "$(LOCAL_LIBRARY_DIR)/Frameworks";
				LD_RUNPATH_SEARCH_PATHS = (
					"$(inherited)",
					"@executable_path/Frameworks",
					"@loader_path/Frameworks",
				);
				MARKETING_VERSION = 1.0;
				MODULE_VERIFIER_SUPPORTED_LANGUAGES = "objective-c objective-c++";
				MODULE_VERIFIER_SUPPORTED_LANGUAGE_STANDARDS = "gnu17 gnu++20";
				PRODUCT_BUNDLE_IDENTIFIER = teamNH.MessengerTab;
				PRODUCT_NAME = "$(TARGET_NAME:c99extidentifier)";
				SKIP_INSTALL = YES;
				SWIFT_EMIT_LOC_STRINGS = YES;
				SWIFT_INSTALL_MODULE = YES;
				SWIFT_INSTALL_OBJC_HEADER = NO;
				SWIFT_VERSION = 5.0;
				TARGETED_DEVICE_FAMILY = "1,2";
				VERSIONING_SYSTEM = "apple-generic";
				VERSION_INFO_PREFIX = "";
			};
			name = Release;
		};
		100E66F82DCCC8460011B0F1 /* Debug */ = {
			isa = XCBuildConfiguration;
			buildSettings = {
				BUILD_LIBRARY_FOR_DISTRIBUTION = YES;
				CODE_SIGN_STYLE = Automatic;
				CURRENT_PROJECT_VERSION = 1;
				DYLIB_COMPATIBILITY_VERSION = 1;
				DYLIB_CURRENT_VERSION = 1;
				DYLIB_INSTALL_NAME_BASE = "@rpath";
				ENABLE_MODULE_VERIFIER = YES;
				GENERATE_INFOPLIST_FILE = YES;
				INFOPLIST_KEY_NSHumanReadableCopyright = "";
				INSTALL_PATH = "$(LOCAL_LIBRARY_DIR)/Frameworks";
				LD_RUNPATH_SEARCH_PATHS = (
					"$(inherited)",
					"@executable_path/Frameworks",
					"@loader_path/Frameworks",
				);
				MARKETING_VERSION = 1.0;
				MODULE_VERIFIER_SUPPORTED_LANGUAGES = "objective-c objective-c++";
				MODULE_VERIFIER_SUPPORTED_LANGUAGE_STANDARDS = "gnu17 gnu++20";
				PRODUCT_BUNDLE_IDENTIFIER = teamNH.LarkColor;
				PRODUCT_NAME = "$(TARGET_NAME:c99extidentifier)";
				SKIP_INSTALL = YES;
				SWIFT_EMIT_LOC_STRINGS = YES;
				SWIFT_INSTALL_MODULE = YES;
				SWIFT_INSTALL_OBJC_HEADER = NO;
				SWIFT_VERSION = 5.0;
				TARGETED_DEVICE_FAMILY = "1,2";
				VERSIONING_SYSTEM = "apple-generic";
				VERSION_INFO_PREFIX = "";
			};
			name = Debug;
		};
		100E66F92DCCC8460011B0F1 /* Release */ = {
			isa = XCBuildConfiguration;
			buildSettings = {
				BUILD_LIBRARY_FOR_DISTRIBUTION = YES;
				CODE_SIGN_STYLE = Automatic;
				CURRENT_PROJECT_VERSION = 1;
				DYLIB_COMPATIBILITY_VERSION = 1;
				DYLIB_CURRENT_VERSION = 1;
				DYLIB_INSTALL_NAME_BASE = "@rpath";
				ENABLE_MODULE_VERIFIER = YES;
				GENERATE_INFOPLIST_FILE = YES;
				INFOPLIST_KEY_NSHumanReadableCopyright = "";
				INSTALL_PATH = "$(LOCAL_LIBRARY_DIR)/Frameworks";
				LD_RUNPATH_SEARCH_PATHS = (
					"$(inherited)",
					"@executable_path/Frameworks",
					"@loader_path/Frameworks",
				);
				MARKETING_VERSION = 1.0;
				MODULE_VERIFIER_SUPPORTED_LANGUAGES = "objective-c objective-c++";
				MODULE_VERIFIER_SUPPORTED_LANGUAGE_STANDARDS = "gnu17 gnu++20";
				PRODUCT_BUNDLE_IDENTIFIER = teamNH.LarkColor;
				PRODUCT_NAME = "$(TARGET_NAME:c99extidentifier)";
				SKIP_INSTALL = YES;
				SWIFT_EMIT_LOC_STRINGS = YES;
				SWIFT_INSTALL_MODULE = YES;
				SWIFT_INSTALL_OBJC_HEADER = NO;
				SWIFT_VERSION = 5.0;
				TARGETED_DEVICE_FAMILY = "1,2";
				VERSIONING_SYSTEM = "apple-generic";
				VERSION_INFO_PREFIX = "";
			};
			name = Release;
		};
		100E670E2DCCC90D0011B0F1 /* Debug */ = {
			isa = XCBuildConfiguration;
			buildSettings = {
				BUILD_LIBRARY_FOR_DISTRIBUTION = YES;
				CODE_SIGN_STYLE = Automatic;
				CURRENT_PROJECT_VERSION = 1;
				DYLIB_COMPATIBILITY_VERSION = 1;
				DYLIB_CURRENT_VERSION = 1;
				DYLIB_INSTALL_NAME_BASE = "@rpath";
				ENABLE_MODULE_VERIFIER = YES;
				GENERATE_INFOPLIST_FILE = YES;
				INFOPLIST_KEY_NSHumanReadableCopyright = "";
				INSTALL_PATH = "$(LOCAL_LIBRARY_DIR)/Frameworks";
				LD_RUNPATH_SEARCH_PATHS = (
					"$(inherited)",
					"@executable_path/Frameworks",
					"@loader_path/Frameworks",
				);
				MARKETING_VERSION = 1.0;
				MODULE_VERIFIER_SUPPORTED_LANGUAGES = "objective-c objective-c++";
				MODULE_VERIFIER_SUPPORTED_LANGUAGE_STANDARDS = "gnu17 gnu++20";
				PRODUCT_BUNDLE_IDENTIFIER = teamNH.LarkFoundation;
				PRODUCT_NAME = "$(TARGET_NAME:c99extidentifier)";
				SKIP_INSTALL = YES;
				SWIFT_EMIT_LOC_STRINGS = YES;
				SWIFT_INSTALL_MODULE = YES;
				SWIFT_INSTALL_OBJC_HEADER = NO;
				SWIFT_VERSION = 5.0;
				TARGETED_DEVICE_FAMILY = "1,2";
				VERSIONING_SYSTEM = "apple-generic";
				VERSION_INFO_PREFIX = "";
			};
			name = Debug;
		};
		100E670F2DCCC90D0011B0F1 /* Release */ = {
			isa = XCBuildConfiguration;
			buildSettings = {
				BUILD_LIBRARY_FOR_DISTRIBUTION = YES;
				CODE_SIGN_STYLE = Automatic;
				CURRENT_PROJECT_VERSION = 1;
				DYLIB_COMPATIBILITY_VERSION = 1;
				DYLIB_CURRENT_VERSION = 1;
				DYLIB_INSTALL_NAME_BASE = "@rpath";
				ENABLE_MODULE_VERIFIER = YES;
				GENERATE_INFOPLIST_FILE = YES;
				INFOPLIST_KEY_NSHumanReadableCopyright = "";
				INSTALL_PATH = "$(LOCAL_LIBRARY_DIR)/Frameworks";
				LD_RUNPATH_SEARCH_PATHS = (
					"$(inherited)",
					"@executable_path/Frameworks",
					"@loader_path/Frameworks",
				);
				MARKETING_VERSION = 1.0;
				MODULE_VERIFIER_SUPPORTED_LANGUAGES = "objective-c objective-c++";
				MODULE_VERIFIER_SUPPORTED_LANGUAGE_STANDARDS = "gnu17 gnu++20";
				PRODUCT_BUNDLE_IDENTIFIER = teamNH.LarkFoundation;
				PRODUCT_NAME = "$(TARGET_NAME:c99extidentifier)";
				SKIP_INSTALL = YES;
				SWIFT_EMIT_LOC_STRINGS = YES;
				SWIFT_INSTALL_MODULE = YES;
				SWIFT_INSTALL_OBJC_HEADER = NO;
				SWIFT_VERSION = 5.0;
				TARGETED_DEVICE_FAMILY = "1,2";
				VERSIONING_SYSTEM = "apple-generic";
				VERSION_INFO_PREFIX = "";
			};
			name = Release;
		};
		1044EEE72DCDAC5300CC1692 /* Debug */ = {
			isa = XCBuildConfiguration;
			buildSettings = {
				BUILD_LIBRARY_FOR_DISTRIBUTION = YES;
				CODE_SIGN_STYLE = Automatic;
				CURRENT_PROJECT_VERSION = 1;
				DYLIB_COMPATIBILITY_VERSION = 1;
				DYLIB_CURRENT_VERSION = 1;
				DYLIB_INSTALL_NAME_BASE = "@rpath";
				ENABLE_MODULE_VERIFIER = YES;
				ENABLE_USER_SCRIPT_SANDBOXING = NO;
				GENERATE_INFOPLIST_FILE = YES;
				HEADER_SEARCH_PATHS = "${SRCROOT}/RustSDK/include";
				INFOPLIST_KEY_NSHumanReadableCopyright = "";
				INSTALL_PATH = "$(LOCAL_LIBRARY_DIR)/Frameworks";
				LD_RUNPATH_SEARCH_PATHS = (
					"$(inherited)",
					"@executable_path/Frameworks",
					"@loader_path/Frameworks",
				);
				LIBRARY_SEARCH_PATHS = (
					"${SRCROOT}/libs",
					"$(PROJECT_DIR)/RustSDK/target/aarch64-apple-ios-sim/release",
				);
				MARKETING_VERSION = 1.0;
				MODULE_VERIFIER_SUPPORTED_LANGUAGES = "objective-c objective-c++";
				MODULE_VERIFIER_SUPPORTED_LANGUAGE_STANDARDS = "gnu17 gnu++20";
				PRODUCT_BUNDLE_IDENTIFIER = teamNH.LarkSDK;
				PRODUCT_NAME = "$(TARGET_NAME:c99extidentifier)";
				SKIP_INSTALL = YES;
				SWIFT_EMIT_LOC_STRINGS = YES;
				SWIFT_INSTALL_MODULE = YES;
				SWIFT_INSTALL_OBJC_HEADER = NO;
				SWIFT_VERSION = 5.0;
				TARGETED_DEVICE_FAMILY = "1,2";
				VERSIONING_SYSTEM = "apple-generic";
				VERSION_INFO_PREFIX = "";
			};
			name = Debug;
		};
		1044EEE82DCDAC5300CC1692 /* Release */ = {
			isa = XCBuildConfiguration;
			buildSettings = {
				BUILD_LIBRARY_FOR_DISTRIBUTION = YES;
				CODE_SIGN_STYLE = Automatic;
				CURRENT_PROJECT_VERSION = 1;
				DYLIB_COMPATIBILITY_VERSION = 1;
				DYLIB_CURRENT_VERSION = 1;
				DYLIB_INSTALL_NAME_BASE = "@rpath";
				ENABLE_MODULE_VERIFIER = YES;
				ENABLE_USER_SCRIPT_SANDBOXING = NO;
				GENERATE_INFOPLIST_FILE = YES;
				HEADER_SEARCH_PATHS = "${SRCROOT}/RustSDK/include";
				INFOPLIST_KEY_NSHumanReadableCopyright = "";
				INSTALL_PATH = "$(LOCAL_LIBRARY_DIR)/Frameworks";
				LD_RUNPATH_SEARCH_PATHS = (
					"$(inherited)",
					"@executable_path/Frameworks",
					"@loader_path/Frameworks",
				);
				LIBRARY_SEARCH_PATHS = (
					"${SRCROOT}/libs",
					"$(PROJECT_DIR)/RustSDK/target/aarch64-apple-ios-sim/release",
				);
				MARKETING_VERSION = 1.0;
				MODULE_VERIFIER_SUPPORTED_LANGUAGES = "objective-c objective-c++";
				MODULE_VERIFIER_SUPPORTED_LANGUAGE_STANDARDS = "gnu17 gnu++20";
				PRODUCT_BUNDLE_IDENTIFIER = teamNH.LarkSDK;
				PRODUCT_NAME = "$(TARGET_NAME:c99extidentifier)";
				SKIP_INSTALL = YES;
				SWIFT_EMIT_LOC_STRINGS = YES;
				SWIFT_INSTALL_MODULE = YES;
				SWIFT_INSTALL_OBJC_HEADER = NO;
				SWIFT_VERSION = 5.0;
				TARGETED_DEVICE_FAMILY = "1,2";
				VERSIONING_SYSTEM = "apple-generic";
				VERSION_INFO_PREFIX = "";
			};
			name = Release;
		};
/* End XCBuildConfiguration section */

/* Begin XCConfigurationList section */
		100E63B92DCCC22C0011B0F1 /* Build configuration list for PBXProject "LarkClone" */ = {
			isa = XCConfigurationList;
			buildConfigurations = (
				100E63D42DCCC22D0011B0F1 /* Debug */,
				100E63D52DCCC22D0011B0F1 /* Release */,
			);
			defaultConfigurationIsVisible = 0;
			defaultConfigurationName = Release;
		};
		100E63D12DCCC22D0011B0F1 /* Build configuration list for PBXNativeTarget "LarkClone" */ = {
			isa = XCConfigurationList;
			buildConfigurations = (
				100E63D22DCCC22D0011B0F1 /* Debug */,
				100E63D32DCCC22D0011B0F1 /* Release */,
			);
			defaultConfigurationIsVisible = 0;
			defaultConfigurationName = Release;
		};
		100E66E12DCCC8110011B0F1 /* Build configuration list for PBXNativeTarget "MessengerTab" */ = {
			isa = XCConfigurationList;
			buildConfigurations = (
				100E66E22DCCC8110011B0F1 /* Debug */,
				100E66E32DCCC8110011B0F1 /* Release */,
			);
			defaultConfigurationIsVisible = 0;
			defaultConfigurationName = Release;
		};
		100E66F72DCCC8460011B0F1 /* Build configuration list for PBXNativeTarget "LarkColor" */ = {
			isa = XCConfigurationList;
			buildConfigurations = (
				100E66F82DCCC8460011B0F1 /* Debug */,
				100E66F92DCCC8460011B0F1 /* Release */,
			);
			defaultConfigurationIsVisible = 0;
			defaultConfigurationName = Release;
		};
		100E670D2DCCC90D0011B0F1 /* Build configuration list for PBXNativeTarget "LarkFoundation" */ = {
			isa = XCConfigurationList;
			buildConfigurations = (
				100E670E2DCCC90D0011B0F1 /* Debug */,
				100E670F2DCCC90D0011B0F1 /* Release */,
			);
			defaultConfigurationIsVisible = 0;
			defaultConfigurationName = Release;
		};
		1044EEE62DCDAC5300CC1692 /* Build configuration list for PBXNativeTarget "LarkSDK" */ = {
			isa = XCConfigurationList;
			buildConfigurations = (
				1044EEE72DCDAC5300CC1692 /* Debug */,
				1044EEE82DCDAC5300CC1692 /* Release */,
			);
			defaultConfigurationIsVisible = 0;
			defaultConfigurationName = Release;
		};
/* End XCConfigurationList section */
	};
	rootObject = 100E63B62DCCC22C0011B0F1 /* Project object */;
}
